{
  "pins" : [
    {
      "identity" : "iqkeyboardmanager",
      "kind" : "remoteSourceControl",
      "location" : "https://github.com/hackiftekhar/IQKeyboardManager.git",
      "state" : {
        "revision" : "9ab144a1a6c6ae8dad25840610c072709b15d8b5",
        "version" : "6.5.10"
      }
    },
    {
      "identity" : "realm-core",
      "kind" : "remoteSourceControl",
      "location" : "https://github.com/realm/realm-core",
      "state" : {
        "revision" : "3c4b86da569368c4ee5ccca2a112d511cc6fa936",
        "version" : "12.11.0"
      }
    },
    {
      "identity" : "realm-swift",
      "kind" : "remoteSourceControl",
      "location" : "https://github.com/realm/realm-swift.git",
      "state" : {
        "branch" : "master",
        "revision" : "cedc1c8b0b2ab8506dd15703c36f8c0660774b18"
      }
    },
    {
      "identity" : "swiftybeaver",
      "kind" : "remoteSourceControl",
      "location" : "https://github.com/SwiftyBeaver/SwiftyBeaver.git",
      "state" : {
        "branch" : "master",
        "revision" : "12b5acf96d98f91d50de447369bd18df74600f1a"
      }
    }
  ],
  "version" : 2
}
